
Microsoft Visual Studio Solution File, Format Version 12.00
# Visual Studio Version 17
VisualStudioVersion = 17.7.34031.279
MinimumVisualStudioVersion = 10.0.40219.1
Project("{FAE04EC0-301F-11D3-BF4B-00C04F79EFBC}") = "Notes_App", "Notes_App\Notes_App.csproj", "{E62DDC28-5D33-4B4D-A9F1-0B00F7A998DE}"
EndProject
Global
	GlobalSection(SolutionConfigurationPlatforms) = preSolution
		Debug|Any CPU = Debug|Any CPU
		Release|Any CPU = Release|Any CPU
	EndGlobalSection
	GlobalSection(ProjectConfigurationPlatforms) = postSolution
		{E62DDC28-5D33-4B4D-A9F1-0B00F7A998DE}.Debug|Any CPU.ActiveCfg = Debug|Any CPU
		{E62DDC28-5D33-4B4D-A9F1-0B00F7A998DE}.Debug|Any CPU.Build.0 = Debug|Any CPU
		{E62DDC28-5D33-4B4D-A9F1-0B00F7A998DE}.Debug|Any CPU.Deploy.0 = Debug|Any CPU
		{E62DDC28-5D33-4B4D-A9F1-0B00F7A998DE}.Release|Any CPU.ActiveCfg = Release|Any CPU
		{E62DDC28-5D33-4B4D-A9F1-0B00F7A998DE}.Release|Any CPU.Build.0 = Release|Any CPU
		{E62DDC28-5D33-4B4D-A9F1-0B00F7A998DE}.Release|Any CPU.Deploy.0 = Release|Any CPU
	EndGlobalSection
	GlobalSection(SolutionProperties) = preSolution
		HideSolutionNode = FALSE
	EndGlobalSection
	GlobalSection(ExtensibilityGlobals) = postSolution
		SolutionGuid = {C03F212C-7F65-4AF0-B4BE-E325FFB84D24}
	EndGlobalSection
EndGlobal
